
Microsoft Visual Studio Solution File, Format Version 12.00
# Visual Studio Version 17
VisualStudioVersion = 17.5.002.0
MinimumVisualStudioVersion = 10.0.40219.1
Project("{9A19103F-16F7-4668-BE54-9A1E7A4F7556}") = "GithubClient", "Api\GithubClient.csproj", "{07326CBF-E29F-43AC-B2BF-F353AC4B0730}"
EndProject
Global
	GlobalSection(SolutionConfigurationPlatforms) = preSolution
		Debug|Any CPU = Debug|Any CPU
		Release|Any CPU = Release|Any CPU
	EndGlobalSection
	GlobalSection(ProjectConfigurationPlatforms) = postSolution
		{07326CBF-E29F-43AC-B2BF-F353AC4B0730}.Debug|Any CPU.ActiveCfg = Debug|Any CPU
		{07326CBF-E29F-43AC-B2BF-F353AC4B0730}.Debug|Any CPU.Build.0 = Debug|Any CPU
		{07326CBF-E29F-43AC-B2BF-F353AC4B0730}.Release|Any CPU.ActiveCfg = Release|Any CPU
		{07326CBF-E29F-43AC-B2BF-F353AC4B0730}.Release|Any CPU.Build.0 = Release|Any CPU
	EndGlobalSection
	GlobalSection(SolutionProperties) = preSolution
		HideSolutionNode = FALSE
	EndGlobalSection
	GlobalSection(ExtensibilityGlobals) = postSolution
		SolutionGuid = {C85793B3-484F-4F3D-9AAC-FC26C1E162B0}
	EndGlobalSection
EndGlobal
